
Microsoft Visual Studio Solution File, Format Version 12.00
# Visual Studio Version 16
VisualStudioVersion = 16.0.31424.327
MinimumVisualStudioVersion = 10.0.40219.1
Project("{FAE04EC0-301F-11D3-BF4B-00C04F79EFBC}") = "Média De 4 Notas", "Média De 4 Notas.csproj", "{7320E028-5CD9-483C-9F1E-53237D4D738A}"
EndProject
Global
	GlobalSection(SolutionConfigurationPlatforms) = preSolution
		Debug|Any CPU = Debug|Any CPU
		Release|Any CPU = Release|Any CPU
	EndGlobalSection
	GlobalSection(ProjectConfigurationPlatforms) = postSolution
		{7320E028-5CD9-483C-9F1E-53237D4D738A}.Debug|Any CPU.ActiveCfg = Debug|Any CPU
		{7320E028-5CD9-483C-9F1E-53237D4D738A}.Debug|Any CPU.Build.0 = Debug|Any CPU
		{7320E028-5CD9-483C-9F1E-53237D4D738A}.Release|Any CPU.ActiveCfg = Release|Any CPU
		{7320E028-5CD9-483C-9F1E-53237D4D738A}.Release|Any CPU.Build.0 = Release|Any CPU
	EndGlobalSection
	GlobalSection(SolutionProperties) = preSolution
		HideSolutionNode = FALSE
	EndGlobalSection
	GlobalSection(ExtensibilityGlobals) = postSolution
		SolutionGuid = {F7972480-F056-44C0-9A1F-892AF956D753}
	EndGlobalSection
EndGlobal
